# This file is generated by running "yarn install" inside your project.
# Manual changes might be lost - proceed with caution!

__metadata:
  version: 8
  cacheKey: 10

"@kitsuned/async-utils@npm:^1.0.0":
  version: 1.0.0
  resolution: "@kitsuned/async-utils@npm:1.0.0"
  checksum: 10/ccf7f3b2193f9ccb4af0a1f66b0e8eba4b4c8302231096ca25b2b389916a6e6b67f5f4402ec531cecc0bd0c71ff39dd9781ffd55304d58c255942ce2fe0f7ca2
  languageName: node
  linkType: hard

"@kitsuned/webos-service@workspace:.":
  version: 0.0.0-use.local
  resolution: "@kitsuned/webos-service@workspace:."
  dependencies:
    "@kitsuned/async-utils": "npm:^1.0.0"
    "@types/node": "npm:0.12.25"
    typescript: "npm:5.9.3"
  languageName: unknown
  linkType: soft

"@types/node@npm:0.12.25":
  version: 0.12.25
  resolution: "@types/node@npm:0.12.25"
  checksum: 10/553b6b491f6dc590263d990f798deb0a7dcd8aa5e931cc88285b237efd92964039f739e12b96b3984926d6167c96826f8607a0fb61fee9b6991482e29dfcc47f
  languageName: node
  linkType: hard

"typescript@npm:5.9.3":
  version: 5.9.3
  resolution: "typescript@npm:5.9.3"
  bin:
    tsc: bin/tsc
    tsserver: bin/tsserver
  checksum: 10/c089d9d3da2729fd4ac517f9b0e0485914c4b3c26f80dc0cffcb5de1719a17951e92425d55db59515c1a7ddab65808466debb864d0d56dcf43f27007d0709594
  languageName: node
  linkType: hard

"typescript@patch:typescript@npm%3A5.9.3#optional!builtin<compat/typescript>":
  version: 5.9.3
  resolution: "typescript@patch:typescript@npm%3A5.9.3#optional!builtin<compat/typescript>::version=5.9.3&hash=5786d5"
  bin:
    tsc: bin/tsc
    tsserver: bin/tsserver
  checksum: 10/696e1b017bc2635f4e0c94eb4435357701008e2f272f553d06e35b494b8ddc60aa221145e286c28ace0c89ee32827a28c2040e3a69bdc108b1a5dc8fb40b72e3
  languageName: node
  linkType: hard
